
Microsoft Visual Studio Solution File, Format Version 12.00
# Visual Studio 2013
VisualStudioVersion = 12.0.30723.0
MinimumVisualStudioVersion = 10.0.40219.1
Project("{FAE04EC0-301F-11D3-BF4B-00C04F79EFBC}") = "iMicroServices.Web", "iMicroServices.Web\iMicroServices.Web.csproj", "{0F70D387-E0ED-49BD-8E76-D0892796CC30}"
EndProject
Project("{FAE04EC0-301F-11D3-BF4B-00C04F79EFBC}") = "iMicroServices.Data", "iMicroServices.Data\iMicroServices.Data.csproj", "{1071B6D2-13AC-442E-879D-1A37105E0EA4}"
EndProject
Global
	GlobalSection(SolutionConfigurationPlatforms) = preSolution
		Debug|Any CPU = Debug|Any CPU
		Debug|Mixed Platforms = Debug|Mixed Platforms
		Debug|Win32 = Debug|Win32
		Release|Any CPU = Release|Any CPU
		Release|Mixed Platforms = Release|Mixed Platforms
		Release|Win32 = Release|Win32
	EndGlobalSection
	GlobalSection(ProjectConfigurationPlatforms) = postSolution
		{0F70D387-E0ED-49BD-8E76-D0892796CC30}.Debug|Any CPU.ActiveCfg = Debug|Any CPU
		{0F70D387-E0ED-49BD-8E76-D0892796CC30}.Debug|Any CPU.Build.0 = Debug|Any CPU
		{0F70D387-E0ED-49BD-8E76-D0892796CC30}.Debug|Mixed Platforms.ActiveCfg = Debug|Any CPU
		{0F70D387-E0ED-49BD-8E76-D0892796CC30}.Debug|Mixed Platforms.Build.0 = Debug|Any CPU
		{0F70D387-E0ED-49BD-8E76-D0892796CC30}.Debug|Win32.ActiveCfg = Debug|Any CPU
		{0F70D387-E0ED-49BD-8E76-D0892796CC30}.Release|Any CPU.ActiveCfg = Release|Any CPU
		{0F70D387-E0ED-49BD-8E76-D0892796CC30}.Release|Any CPU.Build.0 = Release|Any CPU
		{0F70D387-E0ED-49BD-8E76-D0892796CC30}.Release|Mixed Platforms.ActiveCfg = Release|Any CPU
		{0F70D387-E0ED-49BD-8E76-D0892796CC30}.Release|Mixed Platforms.Build.0 = Release|Any CPU
		{0F70D387-E0ED-49BD-8E76-D0892796CC30}.Release|Win32.ActiveCfg = Release|Any CPU
		{1071B6D2-13AC-442E-879D-1A37105E0EA4}.Debug|Any CPU.ActiveCfg = Debug|Any CPU
		{1071B6D2-13AC-442E-879D-1A37105E0EA4}.Debug|Any CPU.Build.0 = Debug|Any CPU
		{1071B6D2-13AC-442E-879D-1A37105E0EA4}.Debug|Mixed Platforms.ActiveCfg = Debug|Any CPU
		{1071B6D2-13AC-442E-879D-1A37105E0EA4}.Debug|Mixed Platforms.Build.0 = Debug|Any CPU
		{1071B6D2-13AC-442E-879D-1A37105E0EA4}.Debug|Win32.ActiveCfg = Debug|Any CPU
		{1071B6D2-13AC-442E-879D-1A37105E0EA4}.Release|Any CPU.ActiveCfg = Release|Any CPU
		{1071B6D2-13AC-442E-879D-1A37105E0EA4}.Release|Any CPU.Build.0 = Release|Any CPU
		{1071B6D2-13AC-442E-879D-1A37105E0EA4}.Release|Mixed Platforms.ActiveCfg = Release|Any CPU
		{1071B6D2-13AC-442E-879D-1A37105E0EA4}.Release|Mixed Platforms.Build.0 = Release|Any CPU
		{1071B6D2-13AC-442E-879D-1A37105E0EA4}.Release|Win32.ActiveCfg = Release|Any CPU
	EndGlobalSection
	GlobalSection(SolutionProperties) = preSolution
		HideSolutionNode = FALSE
	EndGlobalSection
EndGlobal
